// !$*UTF8*$!
{
	archiveVersion = 1;
	classes = {
	};
	objectVersion = 46;
	objects = {

/* Begin PBXBuildFile section */
		2129523F18F766F400BB5AB2 /* Foundation.framework in Frameworks */ = {isa = PBXBuildFile; fileRef = 2129523E18F766F400BB5AB2 /* Foundation.framework */; };
		2129524118F766F400BB5AB2 /* CoreGraphics.framework in Frameworks */ = {isa = PBXBuildFile; fileRef = 2129524018F766F400BB5AB2 /* CoreGraphics.framework */; };
		2129524318F766F400BB5AB2 /* UIKit.framework in Frameworks */ = {isa = PBXBuildFile; fileRef = 2129524218F766F400BB5AB2 /* UIKit.framework */; };
		2129524918F766F400BB5AB2 /* InfoPlist.strings in Resources */ = {isa = PBXBuildFile; fileRef = 2129524718F766F400BB5AB2 /* InfoPlist.strings */; };
		2129524B18F766F400BB5AB2 /* main.m in Sources */ = {isa = PBXBuildFile; fileRef = 2129524A18F766F400BB5AB2 /* main.m */; };
		2129524F18F766F400BB5AB2 /* AppDelegate.m in Sources */ = {isa = PBXBuildFile; fileRef = 2129524E18F766F400BB5AB2 /* AppDelegate.m */; };
		2129525718F766F400BB5AB2 /* Images.xcassets in Resources */ = {isa = PBXBuildFile; fileRef = 2129525618F766F400BB5AB2 /* Images.xcassets */; };
		2129525E18F766F400BB5AB2 /* XCTest.framework in Frameworks */ = {isa = PBXBuildFile; fileRef = 2129525D18F766F400BB5AB2 /* XCTest.framework */; };
		2129525F18F766F400BB5AB2 /* Foundation.framework in Frameworks */ = {isa = PBXBuildFile; fileRef = 2129523E18F766F400BB5AB2 /* Foundation.framework */; };
		2129526018F766F400BB5AB2 /* UIKit.framework in Frameworks */ = {isa = PBXBuildFile; fileRef = 2129524218F766F400BB5AB2 /* UIKit.framework */; };
		2129526818F766F400BB5AB2 /* InfoPlist.strings in Resources */ = {isa = PBXBuildFile; fileRef = 2129526618F766F400BB5AB2 /* InfoPlist.strings */; };
		2129526A18F766F400BB5AB2 /* PowerSpotTests.m in Sources */ = {isa = PBXBuildFile; fileRef = 2129526918F766F400BB5AB2 /* PowerSpotTests.m */; };
		2129527418F7670600BB5AB2 /* MapKit.framework in Frameworks */ = {isa = PBXBuildFile; fileRef = 2129527318F7670600BB5AB2 /* MapKit.framework */; };
		2129527618F7685C00BB5AB2 /* Main.storyboard in Resources */ = {isa = PBXBuildFile; fileRef = 2129527518F7685C00BB5AB2 /* Main.storyboard */; };
		2129527D18F7688100BB5AB2 /* LocationTableViewController.m in Sources */ = {isa = PBXBuildFile; fileRef = 2129527818F7688100BB5AB2 /* LocationTableViewController.m */; };
		2129527E18F7688100BB5AB2 /* LocationDetailViewController.m in Sources */ = {isa = PBXBuildFile; fileRef = 2129527A18F7688100BB5AB2 /* LocationDetailViewController.m */; };
		2129527F18F7688100BB5AB2 /* PaddingLabel.m in Sources */ = {isa = PBXBuildFile; fileRef = 2129527C18F7688100BB5AB2 /* PaddingLabel.m */; };
		2129528218F7699D00BB5AB2 /* SpotAnnotation.m in Sources */ = {isa = PBXBuildFile; fileRef = 2129528118F7699D00BB5AB2 /* SpotAnnotation.m */; };
/* End PBXBuildFile section */

/* Begin PBXContainerItemProxy section */
		2129526118F766F400BB5AB2 /* PBXContainerItemProxy */ = {
			isa = PBXContainerItemProxy;
			containerPortal = 2129523318F766F400BB5AB2 /* Project object */;
			proxyType = 1;
			remoteGlobalIDString = 2129523A18F766F400BB5AB2;
			remoteInfo = PowerSpot;
		};
/* End PBXContainerItemProxy section */

/* Begin PBXFileReference section */
		2129523B18F766F400BB5AB2 /* PowerSpot.app */ = {isa = PBXFileReference; explicitFileType = wrapper.application; includeInIndex = 0; path = PowerSpot.app; sourceTree = BUILT_PRODUCTS_DIR; };
		2129523E18F766F400BB5AB2 /* Foundation.framework */ = {isa = PBXFileReference; lastKnownFileType = wrapper.framework; name = Foundation.framework; path = System/Library/Frameworks/Foundation.framework; sourceTree = SDKROOT; };
		2129524018F766F400BB5AB2 /* CoreGraphics.framework */ = {isa = PBXFileReference; lastKnownFileType = wrapper.framework; name = CoreGraphics.framework; path = System/Library/Frameworks/CoreGraphics.framework; sourceTree = SDKROOT; };
		2129524218F766F400BB5AB2 /* UIKit.framework */ = {isa = PBXFileReference; lastKnownFileType = wrapper.framework; name = UIKit.framework; path = System/Library/Frameworks/UIKit.framework; sourceTree = SDKROOT; };
		2129524618F766F400BB5AB2 /* PowerSpot-Info.plist */ = {isa = PBXFileReference; lastKnownFileType = text.plist.xml; path = "PowerSpot-Info.plist"; sourceTree = "<group>"; };
		2129524818F766F400BB5AB2 /* en */ = {isa = PBXFileReference; lastKnownFileType = text.plist.strings; name = en; path = en.lproj/InfoPlist.strings; sourceTree = "<group>"; };
		2129524A18F766F400BB5AB2 /* main.m */ = {isa = PBXFileReference; lastKnownFileType = sourcecode.c.objc; path = main.m; sourceTree = "<group>"; };
		2129524C18F766F400BB5AB2 /* PowerSpot-Prefix.pch */ = {isa = PBXFileReference; lastKnownFileType = sourcecode.c.h; path = "PowerSpot-Prefix.pch"; sourceTree = "<group>"; };
		2129524D18F766F400BB5AB2 /* AppDelegate.h */ = {isa = PBXFileReference; lastKnownFileType = sourcecode.c.h; path = AppDelegate.h; sourceTree = "<group>"; };
		2129524E18F766F400BB5AB2 /* AppDelegate.m */ = {isa = PBXFileReference; lastKnownFileType = sourcecode.c.objc; path = AppDelegate.m; sourceTree = "<group>"; };
		2129525618F766F400BB5AB2 /* Images.xcassets */ = {isa = PBXFileReference; lastKnownFileType = folder.assetcatalog; path = Images.xcassets; sourceTree = "<group>"; };
		2129525C18F766F400BB5AB2 /* PowerSpotTests.xctest */ = {isa = PBXFileReference; explicitFileType = wrapper.cfbundle; includeInIndex = 0; path = PowerSpotTests.xctest; sourceTree = BUILT_PRODUCTS_DIR; };
		2129525D18F766F400BB5AB2 /* XCTest.framework */ = {isa = PBXFileReference; lastKnownFileType = wrapper.framework; name = XCTest.framework; path = Library/Frameworks/XCTest.framework; sourceTree = DEVELOPER_DIR; };
		2129526518F766F400BB5AB2 /* PowerSpotTests-Info.plist */ = {isa = PBXFileReference; lastKnownFileType = text.plist.xml; path = "PowerSpotTests-Info.plist"; sourceTree = "<group>"; };
		2129526718F766F400BB5AB2 /* en */ = {isa = PBXFileReference; lastKnownFileType = text.plist.strings; name = en; path = en.lproj/InfoPlist.strings; sourceTree = "<group>"; };
		2129526918F766F400BB5AB2 /* PowerSpotTests.m */ = {isa = PBXFileReference; lastKnownFileType = sourcecode.c.objc; path = PowerSpotTests.m; sourceTree = "<group>"; };
		2129527318F7670600BB5AB2 /* MapKit.framework */ = {isa = PBXFileReference; lastKnownFileType = wrapper.framework; name = MapKit.framework; path = System/Library/Frameworks/MapKit.framework; sourceTree = SDKROOT; };
		2129527518F7685C00BB5AB2 /* Main.storyboard */ = {isa = PBXFileReference; fileEncoding = 4; lastKnownFileType = file.storyboard; path = Main.storyboard; sourceTree = "<group>"; };
		2129527718F7688100BB5AB2 /* LocationTableViewController.h */ = {isa = PBXFileReference; fileEncoding = 4; lastKnownFileType = sourcecode.c.h; path = LocationTableViewController.h; sourceTree = "<group>"; };
		2129527818F7688100BB5AB2 /* LocationTableViewController.m */ = {isa = PBXFileReference; fileEncoding = 4; lastKnownFileType = sourcecode.c.objc; path = LocationTableViewController.m; sourceTree = "<group>"; };
		2129527918F7688100BB5AB2 /* LocationDetailViewController.h */ = {isa = PBXFileReference; fileEncoding = 4; lastKnownFileType = sourcecode.c.h; path = LocationDetailViewController.h; sourceTree = "<group>"; };
		2129527A18F7688100BB5AB2 /* LocationDetailViewController.m */ = {isa = PBXFileReference; fileEncoding = 4; lastKnownFileType = sourcecode.c.objc; path = LocationDetailViewController.m; sourceTree = "<group>"; };
		2129527B18F7688100BB5AB2 /* PaddingLabel.h */ = {isa = PBXFileReference; fileEncoding = 4; lastKnownFileType = sourcecode.c.h; path = PaddingLabel.h; sourceTree = "<group>"; };
		2129527C18F7688100BB5AB2 /* PaddingLabel.m */ = {isa = PBXFileReference; fileEncoding = 4; lastKnownFileType = sourcecode.c.objc; path = PaddingLabel.m; sourceTree = "<group>"; };
		2129528018F7699D00BB5AB2 /* SpotAnnotation.h */ = {isa = PBXFileReference; fileEncoding = 4; lastKnownFileType = sourcecode.c.h; path = SpotAnnotation.h; sourceTree = "<group>"; };
		2129528118F7699D00BB5AB2 /* SpotAnnotation.m */ = {isa = PBXFileReference; fileEncoding = 4; lastKnownFileType = sourcecode.c.objc; path = SpotAnnotation.m; sourceTree = "<group>"; };
/* End PBXFileReference section */

/* Begin PBXFrameworksBuildPhase section */
		2129523818F766F400BB5AB2 /* Frameworks */ = {
			isa = PBXFrameworksBuildPhase;
			buildActionMask = 2147483647;
			files = (
				2129527418F7670600BB5AB2 /* MapKit.framework in Frameworks */,
				2129524118F766F400BB5AB2 /* CoreGraphics.framework in Frameworks */,
				2129524318F766F400BB5AB2 /* UIKit.framework in Frameworks */,
				2129523F18F766F400BB5AB2 /* Foundation.framework in Frameworks */,
			);
			runOnlyForDeploymentPostprocessing = 0;
		};
		2129525918F766F400BB5AB2 /* Frameworks */ = {
			isa = PBXFrameworksBuildPhase;
			buildActionMask = 2147483647;
			files = (
				2129525E18F766F400BB5AB2 /* XCTest.framework in Frameworks */,
				2129526018F766F400BB5AB2 /* UIKit.framework in Frameworks */,
				2129525F18F766F400BB5AB2 /* Foundation.framework in Frameworks */,
			);
			runOnlyForDeploymentPostprocessing = 0;
		};
/* End PBXFrameworksBuildPhase section */

/* Begin PBXGroup section */
		2129523218F766F400BB5AB2 = {
			isa = PBXGroup;
			children = (
				2129524418F766F400BB5AB2 /* PowerSpot */,
				2129526318F766F400BB5AB2 /* PowerSpotTests */,
				2129523D18F766F400BB5AB2 /* Frameworks */,
				2129523C18F766F400BB5AB2 /* Products */,
			);
			sourceTree = "<group>";
		};
		2129523C18F766F400BB5AB2 /* Products */ = {
			isa = PBXGroup;
			children = (
				2129523B18F766F400BB5AB2 /* PowerSpot.app */,
				2129525C18F766F400BB5AB2 /* PowerSpotTests.xctest */,
			);
			name = Products;
			sourceTree = "<group>";
		};
		2129523D18F766F400BB5AB2 /* Frameworks */ = {
			isa = PBXGroup;
			children = (
				2129527318F7670600BB5AB2 /* MapKit.framework */,
				2129523E18F766F400BB5AB2 /* Foundation.framework */,
				2129524018F766F400BB5AB2 /* CoreGraphics.framework */,
				2129524218F766F400BB5AB2 /* UIKit.framework */,
				2129525D18F766F400BB5AB2 /* XCTest.framework */,
			);
			name = Frameworks;
			sourceTree = "<group>";
		};
		2129524418F766F400BB5AB2 /* PowerSpot */ = {
			isa = PBXGroup;
			children = (
				2129524D18F766F400BB5AB2 /* AppDelegate.h */,
				2129527718F7688100BB5AB2 /* LocationTableViewController.h */,
				2129527818F7688100BB5AB2 /* LocationTableViewController.m */,
				2129527918F7688100BB5AB2 /* LocationDetailViewController.h */,
				2129527A18F7688100BB5AB2 /* LocationDetailViewController.m */,
				2129527B18F7688100BB5AB2 /* PaddingLabel.h */,
				2129527C18F7688100BB5AB2 /* PaddingLabel.m */,
				2129524E18F766F400BB5AB2 /* AppDelegate.m */,
				2129528018F7699D00BB5AB2 /* SpotAnnotation.h */,
				2129528118F7699D00BB5AB2 /* SpotAnnotation.m */,
				2129527518F7685C00BB5AB2 /* Main.storyboard */,
				2129525618F766F400BB5AB2 /* Images.xcassets */,
				2129524518F766F400BB5AB2 /* Supporting Files */,
			);
			path = PowerSpot;
			sourceTree = "<group>";
		};
		2129524518F766F400BB5AB2 /* Supporting Files */ = {
			isa = PBXGroup;
			children = (
				2129524618F766F400BB5AB2 /* PowerSpot-Info.plist */,
				2129524718F766F400BB5AB2 /* InfoPlist.strings */,
				2129524A18F766F400BB5AB2 /* main.m */,
				2129524C18F766F400BB5AB2 /* PowerSpot-Prefix.pch */,
			);
			name = "Supporting Files";
			sourceTree = "<group>";
		};
		2129526318F766F400BB5AB2 /* PowerSpotTests */ = {
			isa = PBXGroup;
			children = (
				2129526918F766F400BB5AB2 /* PowerSpotTests.m */,
				2129526418F766F400BB5AB2 /* Supporting Files */,
			);
			path = PowerSpotTests;
			sourceTree = "<group>";
		};
		2129526418F766F400BB5AB2 /* Supporting Files */ = {
			isa = PBXGroup;
			children = (
				2129526518F766F400BB5AB2 /* PowerSpotTests-Info.plist */,
				2129526618F766F400BB5AB2 /* InfoPlist.strings */,
			);
			name = "Supporting Files";
			sourceTree = "<group>";
		};
/* End PBXGroup section */

/* Begin PBXNativeTarget section */
		2129523A18F766F400BB5AB2 /* PowerSpot */ = {
			isa = PBXNativeTarget;
			buildConfigurationList = 2129526D18F766F400BB5AB2 /* Build configuration list for PBXNativeTarget "PowerSpot" */;
			buildPhases = (
				2129523718F766F400BB5AB2 /* Sources */,
				2129523818F766F400BB5AB2 /* Frameworks */,
				2129523918F766F400BB5AB2 /* Resources */,
			);
			buildRules = (
			);
			dependencies = (
			);
			name = PowerSpot;
			productName = PowerSpot;
			productReference = 2129523B18F766F400BB5AB2 /* PowerSpot.app */;
			productType = "com.apple.product-type.application";
		};
		2129525B18F766F400BB5AB2 /* PowerSpotTests */ = {
			isa = PBXNativeTarget;
			buildConfigurationList = 2129527018F766F400BB5AB2 /* Build configuration list for PBXNativeTarget "PowerSpotTests" */;
			buildPhases = (
				2129525818F766F400BB5AB2 /* Sources */,
				2129525918F766F400BB5AB2 /* Frameworks */,
				2129525A18F766F400BB5AB2 /* Resources */,
			);
			buildRules = (
			);
			dependencies = (
				2129526218F766F400BB5AB2 /* PBXTargetDependency */,
			);
			name = PowerSpotTests;
			productName = PowerSpotTests;
			productReference = 2129525C18F766F400BB5AB2 /* PowerSpotTests.xctest */;
			productType = "com.apple.product-type.bundle.unit-test";
		};
/* End PBXNativeTarget section */

/* Begin PBXProject section */
		2129523318F766F400BB5AB2 /* Project object */ = {
			isa = PBXProject;
			attributes = {
				LastUpgradeCheck = 0510;
				ORGANIZATIONNAME = jp.iarchitect;
				TargetAttributes = {
					2129525B18F766F400BB5AB2 = {
						TestTargetID = 2129523A18F766F400BB5AB2;
					};
				};
			};
			buildConfigurationList = 2129523618F766F400BB5AB2 /* Build configuration list for PBXProject "PowerSpot" */;
			compatibilityVersion = "Xcode 3.2";
			developmentRegion = English;
			hasScannedForEncodings = 0;
			knownRegions = (
				en,
				Base,
			);
			mainGroup = 2129523218F766F400BB5AB2;
			productRefGroup = 2129523C18F766F400BB5AB2 /* Products */;
			projectDirPath = "";
			projectRoot = "";
			targets = (
				2129523A18F766F400BB5AB2 /* PowerSpot */,
				2129525B18F766F400BB5AB2 /* PowerSpotTests */,
			);
		};
/* End PBXProject section */

/* Begin PBXResourcesBuildPhase section */
		2129523918F766F400BB5AB2 /* Resources */ = {
			isa = PBXResourcesBuildPhase;
			buildActionMask = 2147483647;
			files = (
				2129527618F7685C00BB5AB2 /* Main.storyboard in Resources */,
				2129525718F766F400BB5AB2 /* Images.xcassets in Resources */,
				2129524918F766F400BB5AB2 /* InfoPlist.strings in Resources */,
			);
			runOnlyForDeploymentPostprocessing = 0;
		};
		2129525A18F766F400BB5AB2 /* Resources */ = {
			isa = PBXResourcesBuildPhase;
			buildActionMask = 2147483647;
			files = (
				2129526818F766F400BB5AB2 /* InfoPlist.strings in Resources */,
			);
			runOnlyForDeploymentPostprocessing = 0;
		};
/* End PBXResourcesBuildPhase section */

/* Begin PBXSourcesBuildPhase section */
		2129523718F766F400BB5AB2 /* Sources */ = {
			isa = PBXSourcesBuildPhase;
			buildActionMask = 2147483647;
			files = (
				2129527E18F7688100BB5AB2 /* LocationDetailViewController.m in Sources */,
				2129527D18F7688100BB5AB2 /* LocationTableViewController.m in Sources */,
				2129524F18F766F400BB5AB2 /* AppDelegate.m in Sources */,
				2129527F18F7688100BB5AB2 /* PaddingLabel.m in Sources */,
				2129528218F7699D00BB5AB2 /* SpotAnnotation.m in Sources */,
				2129524B18F766F400BB5AB2 /* main.m in Sources */,
			);
			runOnlyForDeploymentPostprocessing = 0;
		};
		2129525818F766F400BB5AB2 /* Sources */ = {
			isa = PBXSourcesBuildPhase;
			buildActionMask = 2147483647;
			files = (
				2129526A18F766F400BB5AB2 /* PowerSpotTests.m in Sources */,
			);
			runOnlyForDeploymentPostprocessing = 0;
		};
/* End PBXSourcesBuildPhase section */

/* Begin PBXTargetDependency section */
		2129526218F766F400BB5AB2 /* PBXTargetDependency */ = {
			isa = PBXTargetDependency;
			target = 2129523A18F766F400BB5AB2 /* PowerSpot */;
			targetProxy = 2129526118F766F400BB5AB2 /* PBXContainerItemProxy */;
		};
/* End PBXTargetDependency section */

/* Begin PBXVariantGroup section */
		2129524718F766F400BB5AB2 /* InfoPlist.strings */ = {
			isa = PBXVariantGroup;
			children = (
				2129524818F766F400BB5AB2 /* en */,
			);
			name = InfoPlist.strings;
			sourceTree = "<group>";
		};
		2129526618F766F400BB5AB2 /* InfoPlist.strings */ = {
			isa = PBXVariantGroup;
			children = (
				2129526718F766F400BB5AB2 /* en */,
			);
			name = InfoPlist.strings;
			sourceTree = "<group>";
		};
/* End PBXVariantGroup section */

/* Begin XCBuildConfiguration section */
		2129526B18F766F400BB5AB2 /* Debug */ = {
			isa = XCBuildConfiguration;
			buildSettings = {
				ALWAYS_SEARCH_USER_PATHS = NO;
				CLANG_CXX_LANGUAGE_STANDARD = "gnu++0x";
				CLANG_CXX_LIBRARY = "libc++";
				CLANG_ENABLE_MODULES = YES;
				CLANG_ENABLE_OBJC_ARC = YES;
				CLANG_WARN_BOOL_CONVERSION = YES;
				CLANG_WARN_CONSTANT_CONVERSION = YES;
				CLANG_WARN_DIRECT_OBJC_ISA_USAGE = YES_ERROR;
				CLANG_WARN_EMPTY_BODY = YES;
				CLANG_WARN_ENUM_CONVERSION = YES;
				CLANG_WARN_INT_CONVERSION = YES;
				CLANG_WARN_OBJC_ROOT_CLASS = YES_ERROR;
				CLANG_WARN__DUPLICATE_METHOD_MATCH = YES;
				"CODE_SIGN_IDENTITY[sdk=iphoneos*]" = "iPhone Developer";
				COPY_PHASE_STRIP = NO;
				GCC_C_LANGUAGE_STANDARD = gnu99;
				GCC_DYNAMIC_NO_PIC = NO;
				GCC_OPTIMIZATION_LEVEL = 0;
				GCC_PREPROCESSOR_DEFINITIONS = (
					"DEBUG=1",
					"$(inherited)",
				);
				GCC_SYMBOLS_PRIVATE_EXTERN = NO;
				GCC_WARN_64_TO_32_BIT_CONVERSION = YES;
				GCC_WARN_ABOUT_RETURN_TYPE = YES_ERROR;
				GCC_WARN_UNDECLARED_SELECTOR = YES;
				GCC_WARN_UNINITIALIZED_AUTOS = YES_AGGRESSIVE;
				GCC_WARN_UNUSED_FUNCTION = YES;
				GCC_WARN_UNUSED_VARIABLE = YES;
				IPHONEOS_DEPLOYMENT_TARGET = 7.1;
				ONLY_ACTIVE_ARCH = YES;
				SDKROOT = iphoneos;
			};
			name = Debug;
		};
		2129526C18F766F400BB5AB2 /* Release */ = {
			isa = XCBuildConfiguration;
			buildSettings = {
				ALWAYS_SEARCH_USER_PATHS = NO;
				CLANG_CXX_LANGUAGE_STANDARD = "gnu++0x";
				CLANG_CXX_LIBRARY = "libc++";
				CLANG_ENABLE_MODULES = YES;
				CLANG_ENABLE_OBJC_ARC = YES;
				CLANG_WARN_BOOL_CONVERSION = YES;
				CLANG_WARN_CONSTANT_CONVERSION = YES;
				CLANG_WARN_DIRECT_OBJC_ISA_USAGE = YES_ERROR;
				CLANG_WARN_EMPTY_BODY = YES;
				CLANG_WARN_ENUM_CONVERSION = YES;
				CLANG_WARN_INT_CONVERSION = YES;
				CLANG_WARN_OBJC_ROOT_CLASS = YES_ERROR;
				CLANG_WARN__DUPLICATE_METHOD_MATCH = YES;
				"CODE_SIGN_IDENTITY[sdk=iphoneos*]" = "iPhone Developer";
				COPY_PHASE_STRIP = YES;
				ENABLE_NS_ASSERTIONS = NO;
				GCC_C_LANGUAGE_STANDARD = gnu99;
				GCC_WARN_64_TO_32_BIT_CONVERSION = YES;
				GCC_WARN_ABOUT_RETURN_TYPE = YES_ERROR;
				GCC_WARN_UNDECLARED_SELECTOR = YES;
				GCC_WARN_UNINITIALIZED_AUTOS = YES_AGGRESSIVE;
				GCC_WARN_UNUSED_FUNCTION = YES;
				GCC_WARN_UNUSED_VARIABLE = YES;
				IPHONEOS_DEPLOYMENT_TARGET = 7.1;
				SDKROOT = iphoneos;
				VALIDATE_PRODUCT = YES;
			};
			name = Release;
		};
		2129526E18F766F400BB5AB2 /* Debug */ = {
			isa = XCBuildConfiguration;
			buildSettings = {
				ASSETCATALOG_COMPILER_APPICON_NAME = AppIcon;
				ASSETCATALOG_COMPILER_LAUNCHIMAGE_NAME = LaunchImage;
				GCC_PRECOMPILE_PREFIX_HEADER = YES;
				GCC_PREFIX_HEADER = "PowerSpot/PowerSpot-Prefix.pch";
				INFOPLIST_FILE = "PowerSpot/PowerSpot-Info.plist";
				PRODUCT_NAME = "$(TARGET_NAME)";
				WRAPPER_EXTENSION = app;
			};
			name = Debug;
		};
		2129526F18F766F400BB5AB2 /* Release */ = {
			isa = XCBuildConfiguration;
			buildSettings = {
				ASSETCATALOG_COMPILER_APPICON_NAME = AppIcon;
				ASSETCATALOG_COMPILER_LAUNCHIMAGE_NAME = LaunchImage;
				GCC_PRECOMPILE_PREFIX_HEADER = YES;
				GCC_PREFIX_HEADER = "PowerSpot/PowerSpot-Prefix.pch";
				INFOPLIST_FILE = "PowerSpot/PowerSpot-Info.plist";
				PRODUCT_NAME = "$(TARGET_NAME)";
				WRAPPER_EXTENSION = app;
			};
			name = Release;
		};
		2129527118F766F400BB5AB2 /* Debug */ = {
			isa = XCBuildConfiguration;
			buildSettings = {
				BUNDLE_LOADER = "$(BUILT_PRODUCTS_DIR)/PowerSpot.app/PowerSpot";
				FRAMEWORK_SEARCH_PATHS = (
					"$(SDKROOT)/Developer/Library/Frameworks",
					"$(inherited)",
					"$(DEVELOPER_FRAMEWORKS_DIR)",
				);
				GCC_PRECOMPILE_PREFIX_HEADER = YES;
				GCC_PREFIX_HEADER = "PowerSpot/PowerSpot-Prefix.pch";
				GCC_PREPROCESSOR_DEFINITIONS = (
					"DEBUG=1",
					"$(inherited)",
				);
				INFOPLIST_FILE = "PowerSpotTests/PowerSpotTests-Info.plist";
				PRODUCT_NAME = "$(TARGET_NAME)";
				TEST_HOST = "$(BUNDLE_LOADER)";
				WRAPPER_EXTENSION = xctest;
			};
			name = Debug;
		};
		2129527218F766F400BB5AB2 /* Release */ = {
			isa = XCBuildConfiguration;
			buildSettings = {
				BUNDLE_LOADER = "$(BUILT_PRODUCTS_DIR)/PowerSpot.app/PowerSpot";
				FRAMEWORK_SEARCH_PATHS = (
					"$(SDKROOT)/Developer/Library/Frameworks",
					"$(inherited)",
					"$(DEVELOPER_FRAMEWORKS_DIR)",
				);
				GCC_PRECOMPILE_PREFIX_HEADER = YES;
				GCC_PREFIX_HEADER = "PowerSpot/PowerSpot-Prefix.pch";
				INFOPLIST_FILE = "PowerSpotTests/PowerSpotTests-Info.plist";
				PRODUCT_NAME = "$(TARGET_NAME)";
				TEST_HOST = "$(BUNDLE_LOADER)";
				WRAPPER_EXTENSION = xctest;
			};
			name = Release;
		};
/* End XCBuildConfiguration section */

/* Begin XCConfigurationList section */
		2129523618F766F400BB5AB2 /* Build configuration list for PBXProject "PowerSpot" */ = {
			isa = XCConfigurationList;
			buildConfigurations = (
				2129526B18F766F400BB5AB2 /* Debug */,
				2129526C18F766F400BB5AB2 /* Release */,
			);
			defaultConfigurationIsVisible = 0;
			defaultConfigurationName = Release;
		};
		2129526D18F766F400BB5AB2 /* Build configuration list for PBXNativeTarget "PowerSpot" */ = {
			isa = XCConfigurationList;
			buildConfigurations = (
				2129526E18F766F400BB5AB2 /* Debug */,
				2129526F18F766F400BB5AB2 /* Release */,
			);
			defaultConfigurationIsVisible = 0;
		};
		2129527018F766F400BB5AB2 /* Build configuration list for PBXNativeTarget "PowerSpotTests" */ = {
			isa = XCConfigurationList;
			buildConfigurations = (
				2129527118F766F400BB5AB2 /* Debug */,
				2129527218F766F400BB5AB2 /* Release */,
			);
			defaultConfigurationIsVisible = 0;
		};
/* End XCConfigurationList section */
	};
	rootObject = 2129523318F766F400BB5AB2 /* Project object */;
}
